PODS:
  - AsyncSwift (1.7.4)
  - SDWebImage (3.8.0):
    - SDWebImage/Core (= 3.8.0)
  - SDWebImage/Core (3.8.0)

DEPENDENCIES:
  - AsyncSwift (= 1.7.4)
  - SDWebImage (= 3.8.0)

SPEC CHECKSUMS:
  AsyncSwift: cecffe40af6e09558ed25dd71fabf04836b5eaf4
  SDWebImage: 7d9fe229266696de91eadf840c77ca15efd4bbd2

PODFILE CHECKSUM: 23d1d2a56939be0b08076da0cd5f9a023b148be0

COCOAPODS: 1.0.1
